github.com/Princeton-CDH/lenape-timetree v0.0.0-20230922142635-1f36e6d715f2 h1:LwSO68z4MblN09mL2fBIrt16Gfs4keQWAPnexf86PFI=
github.com/Princeton-CDH/lenape-timetree v0.0.0-20230922142635-1f36e6d715f2/go.mod h1:iBTZp3SmNw6/uA8VYKeWzhTCWrGlEApxPHg1gVkAvHM=
github.com/Princeton-CDH/lenape-timetree v0.0.0-20230922151411-97e670932b88 h1:ZU9h4RU1JoroVlvngLnhuts+SQ1AlSyWoEqTuoiZMIs=
github.com/Princeton-CDH/lenape-timetree v0.0.0-20230922151411-97e670932b88/go.mod h1:iBTZp3SmNw6/uA8VYKeWzhTCWrGlEApxPHg1gVkAvHM=
