github.com/Princeton-CDH/lenape-timetree v1.0.4 h1:c3fk854Xb1xoqFj8mHrt5cj7IpwVbTtkD78O0eXIx5k=
github.com/Princeton-CDH/lenape-timetree v1.0.4/go.mod h1:iBTZp3SmNw6/uA8VYKeWzhTCWrGlEApxPHg1gVkAvHM=
github.com/Princeton-CDH/lenape-timetree v1.0.5 h1:M1leOBsUQ9AWft2FRxqgSDpWcljq8UMcu/Cv3fQolGI=
github.com/Princeton-CDH/lenape-timetree v1.0.5/go.mod h1:iBTZp3SmNw6/uA8VYKeWzhTCWrGlEApxPHg1gVkAvHM=
